# This file was autogenerated by Stack.
# You should not edit this file by hand.
# For more information, please see the documentation at:
#   https://docs.haskellstack.org/en/stable/lock_files

packages:
- completed:
    commit: b86681944da4cc40532949b6838b4abd176fa7c9
    git: https://github.com/stepa1000/accelerate.git
    name: accelerate
    pantry-tree:
      sha256: 6e2932801a0ba7da54623439a5cfcf3f3245731646227e108aed74120cee3fcc
      size: 58176
    version: 1.3.0.0
  original:
    commit: b86681944da4cc40532949b6838b4abd176fa7c9
    git: https://github.com/stepa1000/accelerate.git
snapshots:
- completed:
    sha256: 1cdfded4a49c9eb7d23d26a357004fd1e1698446bed8e29127536cfbf2cca273
    size: 640256
    url: https://raw.githubusercontent.com/commercialhaskell/stackage-snapshots/master/nightly/2024/5/15.yaml
  original: nightly-2024-05-15
